Microsoft Visual Studio Solution File, Format Version 12.00
# Visual Studio Version 17
VisualStudioVersion = 17.13.35931.197
MinimumVisualStudioVersion = 10.0.40219.1
Project("{2150E333-8FDC-42A3-9474-1A3956D46DE8}") = "001.SK-HelloWorld", "001.SK-HelloWorld", "{DDB4EF12-CC4E-5E88-E6FC-71A802F4DE97}"
EndProject
Project("{FAE04EC0-301F-11D3-BF4B-00C04F79EFBC}") = "HelloWorldApp1", "001.SK-HelloWorld\HelloWorldApp\HelloWorldApp1.csproj", "{128A8D4D-D8E6-4150-A569-6B7E736B4C3A}"
EndProject
Project("{FAE04EC0-301F-11D3-BF4B-00C04F79EFBC}") = "HelloWorldApp2", "HelloWorldApp2\HelloWorldApp2.csproj", "{FB1A1D31-B9FF-49DA-AA1F-CFB44C6DBDB9}"
EndProject
Project("{FAE04EC0-301F-11D3-BF4B-00C04F79EFBC}") = "HelloWorldApp3", "001.SK-HelloWorld\HelloWorldApp3\HelloWorldApp3.csproj", "{3AED04F1-A9D3-41A4-BF7B-242F9A363002}"
EndProject
Project("{FAE04EC0-301F-11D3-BF4B-00C04F79EFBC}") = "HelloWorldApp4", "001.SK-HelloWorld\HelloWorldApp4\HelloWorldApp4.csproj", "{ACBA1C9E-6058-4378-AC76-132814F0DC3F}"
EndProject
Project("{2150E333-8FDC-42A3-9474-1A3956D46DE8}") = "002.SK-Agent", "002.SK-Agent", "{52D2B3AC-5D0E-4D6F-871D-4B7F72C2B887}"
EndProject
Project("{FAE04EC0-301F-11D3-BF4B-00C04F79EFBC}") = "SKAgent001", "002.SK-Agent\SKAgent001\SKAgent001.csproj", "{CF06CF3D-283E-4F1F-87C3-627CBD43182E}"
EndProject
Project("{FAE04EC0-301F-11D3-BF4B-00C04F79EFBC}") = "SKAgent002", "002.SK-Agent\SKAgent002\SKAgent002.csproj", "{6337CA96-176D-4E19-AD60-FCA3505D2A4F}"
EndProject
Project("{2150E333-8FDC-42A3-9474-1A3956D46DE8}") = "003.SK-AgentGroupChat", "003.SK-AgentGroupChat", "{4E26C979-CBC1-479E-AE07-A389C2654C84}"
EndProject
Project("{FAE04EC0-301F-11D3-BF4B-00C04F79EFBC}") = "WriterAndReviewerApp", "003.SK-AgentGroupChat\WriterAndReviewerApp\WriterAndReviewerApp.csproj", "{D56BE707-EDF9-4EFF-9351-047099B3997A}"
EndProject
Project("{2150E333-8FDC-42A3-9474-1A3956D46DE8}") = "004.AgentOnAzureFunctions", "004.AgentOnAzureFunctions", "{5B33E168-FB51-43DE-8A55-FDDA9FD841BD}"
EndProject
Project("{FAE04EC0-301F-11D3-BF4B-00C04F79EFBC}") = "MultiAgentsApp", "004.AgentOnAzureFunctions\MultiAgentsApp\MultiAgentsApp.csproj", "{CFA30AA6-B423-418A-89AB-DA40656ED204}"
EndProject
Global
	GlobalSection(SolutionConfigurationPlatforms) = preSolution
		Debug|Any CPU = Debug|Any CPU
		Release|Any CPU = Release|Any CPU
	EndGlobalSection
	GlobalSection(ProjectConfigurationPlatforms) = postSolution
		{128A8D4D-D8E6-4150-A569-6B7E736B4C3A}.Debug|Any CPU.ActiveCfg = Debug|Any CPU
		{128A8D4D-D8E6-4150-A569-6B7E736B4C3A}.Debug|Any CPU.Build.0 = Debug|Any CPU
		{128A8D4D-D8E6-4150-A569-6B7E736B4C3A}.Release|Any CPU.ActiveCfg = Release|Any CPU
		{128A8D4D-D8E6-4150-A569-6B7E736B4C3A}.Release|Any CPU.Build.0 = Release|Any CPU
		{FB1A1D31-B9FF-49DA-AA1F-CFB44C6DBDB9}.Debug|Any CPU.ActiveCfg = Debug|Any CPU
		{FB1A1D31-B9FF-49DA-AA1F-CFB44C6DBDB9}.Debug|Any CPU.Build.0 = Debug|Any CPU
		{FB1A1D31-B9FF-49DA-AA1F-CFB44C6DBDB9}.Release|Any CPU.ActiveCfg = Release|Any CPU
		{FB1A1D31-B9FF-49DA-AA1F-CFB44C6DBDB9}.Release|Any CPU.Build.0 = Release|Any CPU
		{3AED04F1-A9D3-41A4-BF7B-242F9A363002}.Debug|Any CPU.ActiveCfg = Debug|Any CPU
		{3AED04F1-A9D3-41A4-BF7B-242F9A363002}.Debug|Any CPU.Build.0 = Debug|Any CPU
		{3AED04F1-A9D3-41A4-BF7B-242F9A363002}.Release|Any CPU.ActiveCfg = Release|Any CPU
		{3AED04F1-A9D3-41A4-BF7B-242F9A363002}.Release|Any CPU.Build.0 = Release|Any CPU
		{ACBA1C9E-6058-4378-AC76-132814F0DC3F}.Debug|Any CPU.ActiveCfg = Debug|Any CPU
		{ACBA1C9E-6058-4378-AC76-132814F0DC3F}.Debug|Any CPU.Build.0 = Debug|Any CPU
		{ACBA1C9E-6058-4378-AC76-132814F0DC3F}.Release|Any CPU.ActiveCfg = Release|Any CPU
		{ACBA1C9E-6058-4378-AC76-132814F0DC3F}.Release|Any CPU.Build.0 = Release|Any CPU
		{CF06CF3D-283E-4F1F-87C3-627CBD43182E}.Debug|Any CPU.ActiveCfg = Debug|Any CPU
		{CF06CF3D-283E-4F1F-87C3-627CBD43182E}.Debug|Any CPU.Build.0 = Debug|Any CPU
		{CF06CF3D-283E-4F1F-87C3-627CBD43182E}.Release|Any CPU.ActiveCfg = Release|Any CPU
		{CF06CF3D-283E-4F1F-87C3-627CBD43182E}.Release|Any CPU.Build.0 = Release|Any CPU
		{6337CA96-176D-4E19-AD60-FCA3505D2A4F}.Debug|Any CPU.ActiveCfg = Debug|Any CPU
		{6337CA96-176D-4E19-AD60-FCA3505D2A4F}.Debug|Any CPU.Build.0 = Debug|Any CPU
		{6337CA96-176D-4E19-AD60-FCA3505D2A4F}.Release|Any CPU.ActiveCfg = Release|Any CPU
		{6337CA96-176D-4E19-AD60-FCA3505D2A4F}.Release|Any CPU.Build.0 = Release|Any CPU
		{D56BE707-EDF9-4EFF-9351-047099B3997A}.Debug|Any CPU.ActiveCfg = Debug|Any CPU
		{D56BE707-EDF9-4EFF-9351-047099B3997A}.Debug|Any CPU.Build.0 = Debug|Any CPU
		{D56BE707-EDF9-4EFF-9351-047099B3997A}.Release|Any CPU.ActiveCfg = Release|Any CPU
		{D56BE707-EDF9-4EFF-9351-047099B3997A}.Release|Any CPU.Build.0 = Release|Any CPU
		{CFA30AA6-B423-418A-89AB-DA40656ED204}.Debug|Any CPU.ActiveCfg = Debug|Any CPU
		{CFA30AA6-B423-418A-89AB-DA40656ED204}.Debug|Any CPU.Build.0 = Debug|Any CPU
		{CFA30AA6-B423-418A-89AB-DA40656ED204}.Release|Any CPU.ActiveCfg = Release|Any CPU
		{CFA30AA6-B423-418A-89AB-DA40656ED204}.Release|Any CPU.Build.0 = Release|Any CPU
	EndGlobalSection
	GlobalSection(SolutionProperties) = preSolution
		HideSolutionNode = FALSE
	EndGlobalSection
	GlobalSection(NestedProjects) = preSolution
		{128A8D4D-D8E6-4150-A569-6B7E736B4C3A} = {DDB4EF12-CC4E-5E88-E6FC-71A802F4DE97}
		{FB1A1D31-B9FF-49DA-AA1F-CFB44C6DBDB9} = {DDB4EF12-CC4E-5E88-E6FC-71A802F4DE97}
		{3AED04F1-A9D3-41A4-BF7B-242F9A363002} = {DDB4EF12-CC4E-5E88-E6FC-71A802F4DE97}
		{ACBA1C9E-6058-4378-AC76-132814F0DC3F} = {DDB4EF12-CC4E-5E88-E6FC-71A802F4DE97}
		{CF06CF3D-283E-4F1F-87C3-627CBD43182E} = {52D2B3AC-5D0E-4D6F-871D-4B7F72C2B887}
		{6337CA96-176D-4E19-AD60-FCA3505D2A4F} = {52D2B3AC-5D0E-4D6F-871D-4B7F72C2B887}
		{D56BE707-EDF9-4EFF-9351-047099B3997A} = {4E26C979-CBC1-479E-AE07-A389C2654C84}
		{CFA30AA6-B423-418A-89AB-DA40656ED204} = {5B33E168-FB51-43DE-8A55-FDDA9FD841BD}
	EndGlobalSection
	GlobalSection(ExtensibilityGlobals) = postSolution
		SolutionGuid = {EC7B83B4-4120-4E55-BAC7-7934830E0455}
	EndGlobalSection
EndGlobal
