Microsoft Visual Studio Solution File, Format Version 12.00
# Visual Studio Version 17
VisualStudioVersion = 17.13.35931.197
MinimumVisualStudioVersion = 10.0.40219.1
Project("{2150E333-8FDC-42A3-9474-1A3956D46DE8}") = "001.SK-HelloWorld", "001.SK-HelloWorld", "{DDB4EF12-CC4E-5E88-E6FC-71A802F4DE97}"
EndProject
Project("{FAE04EC0-301F-11D3-BF4B-00C04F79EFBC}") = "HelloWorldApp1", "D:\Labs\GlobalAzure2025\001.SK-HelloWorld\HelloWorldApp\HelloWorldApp1.csproj", "{128A8D4D-D8E6-4150-A569-6B7E736B4C3A}"
EndProject
Project("{FAE04EC0-301F-11D3-BF4B-00C04F79EFBC}") = "HelloWorldApp2", "D:\Labs\GlobalAzure2025\HelloWorldApp2\HelloWorldApp2.csproj", "{FB1A1D31-B9FF-49DA-AA1F-CFB44C6DBDB9}"
EndProject
Project("{FAE04EC0-301F-11D3-BF4B-00C04F79EFBC}") = "HelloWorldApp3", "D:\Labs\GlobalAzure2025\001.SK-HelloWorld\HelloWorldApp3\HelloWorldApp3.csproj", "{3AED04F1-A9D3-41A4-BF7B-242F9A363002}"
EndProject
Project("{FAE04EC0-301F-11D3-BF4B-00C04F79EFBC}") = "HelloWorldApp4", "D:\Labs\GlobalAzure2025\001.SK-HelloWorld\HelloWorldApp4\HelloWorldApp4.csproj", "{ACBA1C9E-6058-4378-AC76-132814F0DC3F}"
EndProject
Project("{2150E333-8FDC-42A3-9474-1A3956D46DE8}") = "002.SK-Agent", "002.SK-Agent", "{52D2B3AC-5D0E-4D6F-871D-4B7F72C2B887}"
EndProject
Project("{FAE04EC0-301F-11D3-BF4B-00C04F79EFBC}") = "SKAgent001", "D:\Labs\GlobalAzure2025\002.SK-Agent\SKAgent001\SKAgent001.csproj", "{CF06CF3D-283E-4F1F-87C3-627CBD43182E}"
EndProject
Project("{FAE04EC0-301F-11D3-BF4B-00C04F79EFBC}") = "SKAgent002", "D:\Labs\GlobalAzure2025\002.SK-Agent\SKAgent002\SKAgent002.csproj", "{6337CA96-176D-4E19-AD60-FCA3505D2A4F}"
EndProject
Project("{2150E333-8FDC-42A3-9474-1A3956D46DE8}") = "003.SK-MultiAgents", "003.SK-MultiAgents", "{4E26C979-CBC1-479E-AE07-A389C2654C84}"
EndProject
Project("{FAE04EC0-301F-11D3-BF4B-00C04F79EFBC}") = "WriterAndReviewerApp", "D:\Labs\GlobalAzure2025\003.SK-AgentGroupChat\WriterAndReviewerApp\WriterAndReviewerApp.csproj", "{D56BE707-EDF9-4EFF-9351-047099B3997A}"
EndProject
Project("{2150E333-8FDC-42A3-9474-1A3956D46DE8}") = "004.AgentOnAzureFunctions", "004.AgentOnAzureFunctions", "{5B33E168-FB51-43DE-8A55-FDDA9FD841BD}"
EndProject
Project("{FAE04EC0-301F-11D3-BF4B-00C04F79EFBC}") = "MultiAgentsApp", "D:\Labs\GlobalAzure2025\004.AgentOnAzureFunctions\MultiAgentsApp\MultiAgentsApp.csproj", "{CFA30AA6-B423-418A-89AB-DA40656ED204}"
EndProject
Project("{FAE04EC0-301F-11D3-BF4B-00C04F79EFBC}") = "MultiAgentsApp.ServiceDefaults", "D:\Labs\GlobalAzure2025\004.AgentOnAzureFunctions\MultiAgentsApp.ServiceDefaults\MultiAgentsApp.ServiceDefaults.csproj", "{7CA4EB70-2782-4C61-B35E-A0DA339F49BB}"
EndProject
Project("{FAE04EC0-301F-11D3-BF4B-00C04F79EFBC}") = "MultiAgentsApp.AppHost", "D:\Labs\GlobalAzure2025\004.AgentOnAzureFunctions\MultiAgentsApp.AppHost\MultiAgentsApp.AppHost.csproj", "{94DF6739-5143-4D4A-A0DE-939791C69F6A}"
EndProject
Project("{FAE04EC0-301F-11D3-BF4B-00C04F79EFBC}") = "MultiAgentsApp.Client", "D:\Labs\GlobalAzure2025\004.AgentOnAzureFunctions\MultiAgentsApp.Client\MultiAgentsApp.Client.csproj", "{3FB816AE-3CD5-2505-FBE1-29C7A1638BDC}"
EndProject
Project("{FAE04EC0-301F-11D3-BF4B-00C04F79EFBC}") = "WriterAndReviewerApp.Plugins", "D:\Labs\GlobalAzure2025\003.SK-MultiAgents\WriterAndReviewerApp.Plugins\WriterAndReviewerApp.Plugins.csproj", "{595D3CC8-44FD-47E5-ADB0-D9AA95A08A2F}"
EndProject
Project("{2150E333-8FDC-42A3-9474-1A3956D46DE8}") = "999.SK-MCP", "999.SK-MCP", "{4EADAC7B-875E-43A6-A41C-4EB396C4545D}"
EndProject
Project("{FAE04EC0-301F-11D3-BF4B-00C04F79EFBC}") = "WeatherForecastMcpServer", "999.SK-MCP\WeatherForecastMcpServer\WeatherForecastMcpServer.csproj", "{B7DF3EAB-7992-43BA-BD38-DDE4567917D1}"
EndProject
Project("{FAE04EC0-301F-11D3-BF4B-00C04F79EFBC}") = "SKMcpClient", "999.SK-MCP\SKMcpClient\SKMcpClient.csproj", "{3C037E44-BE75-4282-8D69-7FFD23CE5C21}"
EndProject
Global
	GlobalSection(SolutionConfigurationPlatforms) = preSolution
		Debug|Any CPU = Debug|Any CPU
		Release|Any CPU = Release|Any CPU
	EndGlobalSection
	GlobalSection(ProjectConfigurationPlatforms) = postSolution
		{128A8D4D-D8E6-4150-A569-6B7E736B4C3A}.Debug|Any CPU.ActiveCfg = Debug|Any CPU
		{128A8D4D-D8E6-4150-A569-6B7E736B4C3A}.Debug|Any CPU.Build.0 = Debug|Any CPU
		{128A8D4D-D8E6-4150-A569-6B7E736B4C3A}.Release|Any CPU.ActiveCfg = Release|Any CPU
		{128A8D4D-D8E6-4150-A569-6B7E736B4C3A}.Release|Any CPU.Build.0 = Release|Any CPU
		{FB1A1D31-B9FF-49DA-AA1F-CFB44C6DBDB9}.Debug|Any CPU.ActiveCfg = Debug|Any CPU
		{FB1A1D31-B9FF-49DA-AA1F-CFB44C6DBDB9}.Debug|Any CPU.Build.0 = Debug|Any CPU
		{FB1A1D31-B9FF-49DA-AA1F-CFB44C6DBDB9}.Release|Any CPU.ActiveCfg = Release|Any CPU
		{FB1A1D31-B9FF-49DA-AA1F-CFB44C6DBDB9}.Release|Any CPU.Build.0 = Release|Any CPU
		{3AED04F1-A9D3-41A4-BF7B-242F9A363002}.Debug|Any CPU.ActiveCfg = Debug|Any CPU
		{3AED04F1-A9D3-41A4-BF7B-242F9A363002}.Debug|Any CPU.Build.0 = Debug|Any CPU
		{3AED04F1-A9D3-41A4-BF7B-242F9A363002}.Release|Any CPU.ActiveCfg = Release|Any CPU
		{3AED04F1-A9D3-41A4-BF7B-242F9A363002}.Release|Any CPU.Build.0 = Release|Any CPU
		{ACBA1C9E-6058-4378-AC76-132814F0DC3F}.Debug|Any CPU.ActiveCfg = Debug|Any CPU
		{ACBA1C9E-6058-4378-AC76-132814F0DC3F}.Debug|Any CPU.Build.0 = Debug|Any CPU
		{ACBA1C9E-6058-4378-AC76-132814F0DC3F}.Release|Any CPU.ActiveCfg = Release|Any CPU
		{ACBA1C9E-6058-4378-AC76-132814F0DC3F}.Release|Any CPU.Build.0 = Release|Any CPU
		{CF06CF3D-283E-4F1F-87C3-627CBD43182E}.Debug|Any CPU.ActiveCfg = Debug|Any CPU
		{CF06CF3D-283E-4F1F-87C3-627CBD43182E}.Debug|Any CPU.Build.0 = Debug|Any CPU
		{CF06CF3D-283E-4F1F-87C3-627CBD43182E}.Release|Any CPU.ActiveCfg = Release|Any CPU
		{CF06CF3D-283E-4F1F-87C3-627CBD43182E}.Release|Any CPU.Build.0 = Release|Any CPU
		{6337CA96-176D-4E19-AD60-FCA3505D2A4F}.Debug|Any CPU.ActiveCfg = Debug|Any CPU
		{6337CA96-176D-4E19-AD60-FCA3505D2A4F}.Debug|Any CPU.Build.0 = Debug|Any CPU
		{6337CA96-176D-4E19-AD60-FCA3505D2A4F}.Release|Any CPU.ActiveCfg = Release|Any CPU
		{6337CA96-176D-4E19-AD60-FCA3505D2A4F}.Release|Any CPU.Build.0 = Release|Any CPU
		{D56BE707-EDF9-4EFF-9351-047099B3997A}.Debug|Any CPU.ActiveCfg = Debug|Any CPU
		{D56BE707-EDF9-4EFF-9351-047099B3997A}.Debug|Any CPU.Build.0 = Debug|Any CPU
		{D56BE707-EDF9-4EFF-9351-047099B3997A}.Release|Any CPU.ActiveCfg = Release|Any CPU
		{D56BE707-EDF9-4EFF-9351-047099B3997A}.Release|Any CPU.Build.0 = Release|Any CPU
		{CFA30AA6-B423-418A-89AB-DA40656ED204}.Debug|Any CPU.ActiveCfg = Debug|Any CPU
		{CFA30AA6-B423-418A-89AB-DA40656ED204}.Debug|Any CPU.Build.0 = Debug|Any CPU
		{CFA30AA6-B423-418A-89AB-DA40656ED204}.Release|Any CPU.ActiveCfg = Release|Any CPU
		{CFA30AA6-B423-418A-89AB-DA40656ED204}.Release|Any CPU.Build.0 = Release|Any CPU
		{7CA4EB70-2782-4C61-B35E-A0DA339F49BB}.Debug|Any CPU.ActiveCfg = Debug|Any CPU
		{7CA4EB70-2782-4C61-B35E-A0DA339F49BB}.Debug|Any CPU.Build.0 = Debug|Any CPU
		{7CA4EB70-2782-4C61-B35E-A0DA339F49BB}.Release|Any CPU.ActiveCfg = Release|Any CPU
		{7CA4EB70-2782-4C61-B35E-A0DA339F49BB}.Release|Any CPU.Build.0 = Release|Any CPU
		{94DF6739-5143-4D4A-A0DE-939791C69F6A}.Debug|Any CPU.ActiveCfg = Debug|Any CPU
		{94DF6739-5143-4D4A-A0DE-939791C69F6A}.Debug|Any CPU.Build.0 = Debug|Any CPU
		{94DF6739-5143-4D4A-A0DE-939791C69F6A}.Release|Any CPU.ActiveCfg = Release|Any CPU
		{94DF6739-5143-4D4A-A0DE-939791C69F6A}.Release|Any CPU.Build.0 = Release|Any CPU
		{3FB816AE-3CD5-2505-FBE1-29C7A1638BDC}.Debug|Any CPU.ActiveCfg = Debug|Any CPU
		{3FB816AE-3CD5-2505-FBE1-29C7A1638BDC}.Debug|Any CPU.Build.0 = Debug|Any CPU
		{3FB816AE-3CD5-2505-FBE1-29C7A1638BDC}.Release|Any CPU.ActiveCfg = Release|Any CPU
		{3FB816AE-3CD5-2505-FBE1-29C7A1638BDC}.Release|Any CPU.Build.0 = Release|Any CPU
		{595D3CC8-44FD-47E5-ADB0-D9AA95A08A2F}.Debug|Any CPU.ActiveCfg = Debug|Any CPU
		{595D3CC8-44FD-47E5-ADB0-D9AA95A08A2F}.Debug|Any CPU.Build.0 = Debug|Any CPU
		{595D3CC8-44FD-47E5-ADB0-D9AA95A08A2F}.Release|Any CPU.ActiveCfg = Release|Any CPU
		{595D3CC8-44FD-47E5-ADB0-D9AA95A08A2F}.Release|Any CPU.Build.0 = Release|Any CPU
		{B7DF3EAB-7992-43BA-BD38-DDE4567917D1}.Debug|Any CPU.ActiveCfg = Debug|Any CPU
		{B7DF3EAB-7992-43BA-BD38-DDE4567917D1}.Debug|Any CPU.Build.0 = Debug|Any CPU
		{B7DF3EAB-7992-43BA-BD38-DDE4567917D1}.Release|Any CPU.ActiveCfg = Release|Any CPU
		{B7DF3EAB-7992-43BA-BD38-DDE4567917D1}.Release|Any CPU.Build.0 = Release|Any CPU
		{3C037E44-BE75-4282-8D69-7FFD23CE5C21}.Debug|Any CPU.ActiveCfg = Debug|Any CPU
		{3C037E44-BE75-4282-8D69-7FFD23CE5C21}.Debug|Any CPU.Build.0 = Debug|Any CPU
		{3C037E44-BE75-4282-8D69-7FFD23CE5C21}.Release|Any CPU.ActiveCfg = Release|Any CPU
		{3C037E44-BE75-4282-8D69-7FFD23CE5C21}.Release|Any CPU.Build.0 = Release|Any CPU
	EndGlobalSection
	GlobalSection(SolutionProperties) = preSolution
		HideSolutionNode = FALSE
	EndGlobalSection
	GlobalSection(NestedProjects) = preSolution
		{128A8D4D-D8E6-4150-A569-6B7E736B4C3A} = {DDB4EF12-CC4E-5E88-E6FC-71A802F4DE97}
		{FB1A1D31-B9FF-49DA-AA1F-CFB44C6DBDB9} = {DDB4EF12-CC4E-5E88-E6FC-71A802F4DE97}
		{3AED04F1-A9D3-41A4-BF7B-242F9A363002} = {DDB4EF12-CC4E-5E88-E6FC-71A802F4DE97}
		{ACBA1C9E-6058-4378-AC76-132814F0DC3F} = {DDB4EF12-CC4E-5E88-E6FC-71A802F4DE97}
		{CF06CF3D-283E-4F1F-87C3-627CBD43182E} = {52D2B3AC-5D0E-4D6F-871D-4B7F72C2B887}
		{6337CA96-176D-4E19-AD60-FCA3505D2A4F} = {52D2B3AC-5D0E-4D6F-871D-4B7F72C2B887}
		{D56BE707-EDF9-4EFF-9351-047099B3997A} = {4E26C979-CBC1-479E-AE07-A389C2654C84}
		{CFA30AA6-B423-418A-89AB-DA40656ED204} = {5B33E168-FB51-43DE-8A55-FDDA9FD841BD}
		{7CA4EB70-2782-4C61-B35E-A0DA339F49BB} = {5B33E168-FB51-43DE-8A55-FDDA9FD841BD}
		{94DF6739-5143-4D4A-A0DE-939791C69F6A} = {5B33E168-FB51-43DE-8A55-FDDA9FD841BD}
		{3FB816AE-3CD5-2505-FBE1-29C7A1638BDC} = {5B33E168-FB51-43DE-8A55-FDDA9FD841BD}
		{595D3CC8-44FD-47E5-ADB0-D9AA95A08A2F} = {4E26C979-CBC1-479E-AE07-A389C2654C84}
		{B7DF3EAB-7992-43BA-BD38-DDE4567917D1} = {4EADAC7B-875E-43A6-A41C-4EB396C4545D}
		{3C037E44-BE75-4282-8D69-7FFD23CE5C21} = {4EADAC7B-875E-43A6-A41C-4EB396C4545D}
	EndGlobalSection
	GlobalSection(ExtensibilityGlobals) = postSolution
		SolutionGuid = {EC7B83B4-4120-4E55-BAC7-7934830E0455}
	EndGlobalSection
EndGlobal
